
Microsoft Visual Studio Solution File, Format Version 12.00
# Visual Studio Version 16
VisualStudioVersion = 16.0.32106.194
MinimumVisualStudioVersion = 10.0.40219.1
Project("{FAE04EC0-301F-11D3-BF4B-00C04F79EFBC}") = "CursoWindowsForms", "CursoWindowsForms\CursoWindowsForms.csproj", "{BBDD5EA0-B100-497F-97BB-556AB8CC29E6}"
EndProject
Global
	GlobalSection(SolutionConfigurationPlatforms) = preSolution
		Debug|Any CPU = Debug|Any CPU
		Release|Any CPU = Release|Any CPU
	EndGlobalSection
	GlobalSection(ProjectConfigurationPlatforms) = postSolution
		{BBDD5EA0-B100-497F-97BB-556AB8CC29E6}.Debug|Any CPU.ActiveCfg = Debug|Any CPU
		{BBDD5EA0-B100-497F-97BB-556AB8CC29E6}.Debug|Any CPU.Build.0 = Debug|Any CPU
		{BBDD5EA0-B100-497F-97BB-556AB8CC29E6}.Release|Any CPU.ActiveCfg = Release|Any CPU
		{BBDD5EA0-B100-497F-97BB-556AB8CC29E6}.Release|Any CPU.Build.0 = Release|Any CPU
	EndGlobalSection
	GlobalSection(SolutionProperties) = preSolution
		HideSolutionNode = FALSE
	EndGlobalSection
	GlobalSection(ExtensibilityGlobals) = postSolution
		SolutionGuid = {81C51E12-FB92-4146-86EB-435EC2207B42}
	EndGlobalSection
EndGlobal
